
Microsoft Visual Studio Solution File, Format Version 12.00
# Visual Studio Version 17
VisualStudioVersion = 17.11.35312.102
MinimumVisualStudioVersion = 10.0.40219.1
Project("{FAE04EC0-301F-11D3-BF4B-00C04F79EFBC}") = "UI", "UI\UI.csproj", "{FCFC50D5-F75D-4643-89E2-50769C06D962}"
EndProject
Project("{FAE04EC0-301F-11D3-BF4B-00C04F79EFBC}") = "Entity", "Entity\Entity.csproj", "{8550C818-3C9C-4E07-8680-5BA343B0150E}"
EndProject
Project("{FAE04EC0-301F-11D3-BF4B-00C04F79EFBC}") = "BLL", "BLL\BLL.csproj", "{2A8D3730-F0DB-4C13-A440-3557BBC14530}"
EndProject
Project("{FAE04EC0-301F-11D3-BF4B-00C04F79EFBC}") = "Dal", "Data\Dal.csproj", "{FB66445B-A143-4898-8279-9F1FA0B56BC4}"
EndProject
Global
	GlobalSection(SolutionConfigurationPlatforms) = preSolution
		Debug|Any CPU = Debug|Any CPU
		Release|Any CPU = Release|Any CPU
	EndGlobalSection
	GlobalSection(ProjectConfigurationPlatforms) = postSolution
		{FCFC50D5-F75D-4643-89E2-50769C06D962}.Debug|Any CPU.ActiveCfg = Debug|Any CPU
		{FCFC50D5-F75D-4643-89E2-50769C06D962}.Debug|Any CPU.Build.0 = Debug|Any CPU
		{FCFC50D5-F75D-4643-89E2-50769C06D962}.Release|Any CPU.ActiveCfg = Release|Any CPU
		{FCFC50D5-F75D-4643-89E2-50769C06D962}.Release|Any CPU.Build.0 = Release|Any CPU
		{8550C818-3C9C-4E07-8680-5BA343B0150E}.Debug|Any CPU.ActiveCfg = Debug|Any CPU
		{8550C818-3C9C-4E07-8680-5BA343B0150E}.Debug|Any CPU.Build.0 = Debug|Any CPU
		{8550C818-3C9C-4E07-8680-5BA343B0150E}.Release|Any CPU.ActiveCfg = Release|Any CPU
		{8550C818-3C9C-4E07-8680-5BA343B0150E}.Release|Any CPU.Build.0 = Release|Any CPU
		{2A8D3730-F0DB-4C13-A440-3557BBC14530}.Debug|Any CPU.ActiveCfg = Debug|Any CPU
		{2A8D3730-F0DB-4C13-A440-3557BBC14530}.Debug|Any CPU.Build.0 = Debug|Any CPU
		{2A8D3730-F0DB-4C13-A440-3557BBC14530}.Release|Any CPU.ActiveCfg = Release|Any CPU
		{2A8D3730-F0DB-4C13-A440-3557BBC14530}.Release|Any CPU.Build.0 = Release|Any CPU
		{FB66445B-A143-4898-8279-9F1FA0B56BC4}.Debug|Any CPU.ActiveCfg = Debug|Any CPU
		{FB66445B-A143-4898-8279-9F1FA0B56BC4}.Debug|Any CPU.Build.0 = Debug|Any CPU
		{FB66445B-A143-4898-8279-9F1FA0B56BC4}.Release|Any CPU.ActiveCfg = Release|Any CPU
		{FB66445B-A143-4898-8279-9F1FA0B56BC4}.Release|Any CPU.Build.0 = Release|Any CPU
	EndGlobalSection
	GlobalSection(SolutionProperties) = preSolution
		HideSolutionNode = FALSE
	EndGlobalSection
	GlobalSection(ExtensibilityGlobals) = postSolution
		SolutionGuid = {5DDF67F4-42ED-4A4C-86E9-10374196BA94}
	EndGlobalSection
EndGlobal
